payload:
  # ==========================================
  # 1. 全球流量巨头 (The "Big Three" Networks)
  # MindGeek, WGCZ, Hamster 及其核心变种
  # ==========================================
  - DOMAIN-SUFFIX,pornhub.com
  - DOMAIN-SUFFIX,phncdn.com
  - DOMAIN-SUFFIX,phprcdn.com
  - DOMAIN-SUFFIX,pornhubpremium.com
  - DOMAIN-SUFFIX,xvideos.com
  - DOMAIN-SUFFIX,xvideos-cdn.com
  - DOMAIN-SUFFIX,xvideos.es
  - DOMAIN-SUFFIX,xnxx.com
  - DOMAIN-SUFFIX,xnxx-cdn.com
  - DOMAIN-SUFFIX,xhamster.com
  - DOMAIN-SUFFIX,xhamsterlive.com
  - DOMAIN-SUFFIX,xhcdn.com
  - DOMAIN-SUFFIX,redtube.com
  - DOMAIN-SUFFIX,youporn.com
  - DOMAIN-SUFFIX,tube8.com
  - DOMAIN-SUFFIX,brazzers.com
  - DOMAIN-SUFFIX,mofos.com
  - DOMAIN-SUFFIX,babes.com
  - DOMAIN-SUFFIX,realitykings.com
  - DOMAIN-SUFFIX,fakehub.com
  - DOMAIN-SUFFIX,bangbros.com
  - DOMAIN-SUFFIX,naughtyamerica.com
  - DOMAIN-SUFFIX,zzseries.com
  - DOMAIN-SUFFIX,teamskeet.com
  - DOMAIN-SUFFIX,evilangel.com
  - DOMAIN-SUFFIX,digitalplayground.com
  - DOMAIN-SUFFIX,twistys.com
  - DOMAIN-SUFFIX,pornovo.com
  # ==========================================
  # 2. 第二梯队高流量 Tube 站 (欧美长尾)
  # 搜索结果第 2-10 页常客
  # ==========================================
  - DOMAIN-SUFFIX,eporner.com
  - DOMAIN-SUFFIX,hqporner.com
  - DOMAIN-SUFFIX,spankbang.com
  - DOMAIN-SUFFIX,daftsex.com
  - DOMAIN-SUFFIX,beeg.com
  - DOMAIN-SUFFIX,fapster.xxx
  - DOMAIN-SUFFIX,motherless.com
  - DOMAIN-SUFFIX,heavy-r.com
  - DOMAIN-SUFFIX,txxx.com
  - DOMAIN-SUFFIX,upornia.com
  - DOMAIN-SUFFIX,vporn.com
  - DOMAIN-SUFFIX,nuvid.com
  - DOMAIN-SUFFIX,drtuber.com
  - DOMAIN-SUFFIX,tnaflix.com
  - DOMAIN-SUFFIX,empflix.com
  - DOMAIN-SUFFIX,cumlouder.com
  - DOMAIN-SUFFIX,porntrex.com
  - DOMAIN-SUFFIX,porngo.com
  - DOMAIN-SUFFIX,pornhoarder.com
  - DOMAIN-SUFFIX,hclips.com
  - DOMAIN-SUFFIX,tube.sk
  - DOMAIN-SUFFIX,tubewolf.com
  - DOMAIN-SUFFIX,pornmates.com
  - DOMAIN-SUFFIX,anysex.com
  - DOMAIN-SUFFIX,bellesa.co
  - DOMAIN-SUFFIX,fuq.com
  - DOMAIN-SUFFIX,gotporn.com
  - DOMAIN-SUFFIX,kirtu.com
  - DOMAIN-SUFFIX,letmejerk.com
  - DOMAIN-SUFFIX,manhub.com
  - DOMAIN-SUFFIX,mature.nl
  - DOMAIN-SUFFIX,metart.com
  - DOMAIN-SUFFIX,monstercocks.com
  - DOMAIN-SUFFIX,mrskin.com
  - DOMAIN-SUFFIX,mygf.com
  - DOMAIN-SUFFIX,nothingbutcurves.com
  - DOMAIN-SUFFIX,olderwomen.com
  - DOMAIN-SUFFIX,passion.com
  - DOMAIN-SUFFIX,perfectgirls.net
  - DOMAIN-SUFFIX,pinkrod.com
  - DOMAIN-SUFFIX,porn.biz
  - DOMAIN-SUFFIX,porn.com
  - DOMAIN-SUFFIX,porn.net
  - DOMAIN-SUFFIX,porn.org
  - DOMAIN-SUFFIX,porn555.com
  - DOMAIN-SUFFIX,porndoe.com
  - DOMAIN-SUFFIX,pornhegemon.com
  - DOMAIN-SUFFIX,pornrabbit.com
  - DOMAIN-SUFFIX,proporn.com
  - DOMAIN-SUFFIX,puretaboo.com
  - DOMAIN-SUFFIX,sextube.com
  - DOMAIN-SUFFIX,shufuni.com
  - DOMAIN-SUFFIX,sleazyneasy.com
  - DOMAIN-SUFFIX,spankwire.com
  - DOMAIN-SUFFIX,sunporno.com
  - DOMAIN-SUFFIX,thehun.net
  - DOMAIN-SUFFIX,thumbzilla.com
  - DOMAIN-SUFFIX,tubegalore.com
  - DOMAIN-SUFFIX,ureaporn.com
  - DOMAIN-SUFFIX,vjav.com
  - DOMAIN-SUFFIX,x-art.com
  - DOMAIN-SUFFIX,yespornpleasexxx.com
  - DOMAIN-SUFFIX,yourlust.com

  # ==========================================
  # 3. 直播与聊天 (Live Cams & Chat)
  # 极其容易通过广告弹窗跳转
  # ==========================================
  - DOMAIN-SUFFIX,chaturbate.com
  - DOMAIN-SUFFIX,bongacams.com
  - DOMAIN-SUFFIX,livejasmin.com
  - DOMAIN-SUFFIX,camsoda.com
  - DOMAIN-SUFFIX,myfreecams.com
  - DOMAIN-SUFFIX,stripchat.com
  - DOMAIN-SUFFIX,imlive.com
  - DOMAIN-SUFFIX,cam4.com
  - DOMAIN-SUFFIX,streamate.com
  - DOMAIN-SUFFIX,flirt4free.com
  - DOMAIN-SUFFIX,jerkmate.com
  - DOMAIN-SUFFIX,sakuralive.com
  - DOMAIN-SUFFIX,swag.live

  # ==========================================
  # 4. 亚洲/中文/JAV 重点打击对象
  # 包含视频站、论坛、番号查询站
  # ==========================================
  - DOMAIN-SUFFIX,javbus.com
  - DOMAIN-SUFFIX,javlibrary.com
  - DOMAIN-SUFFIX,javdb.com
  - DOMAIN-SUFFIX,jable.tv
  - DOMAIN-SUFFIX,missav.com
  - DOMAIN-SUFFIX,supjav.com
  - DOMAIN-SUFFIX,netflav.com
  - DOMAIN-SUFFIX,avgle.com
  - DOMAIN-SUFFIX,7mmtv.tv
  - DOMAIN-SUFFIX,91porn.com
  - DOMAIN-SUFFIX,t66y.com
  - DOMAIN-SUFFIX,cool18.com
  - DOMAIN-SUFFIX,sexinsex.net
  - DOMAIN-SUFFIX,52av.one
  - DOMAIN-SUFFIX,sehuatang.org
  - DOMAIN-SUFFIX,hjd2048.com
  - DOMAIN-SUFFIX,sukebei.nyaa.si
  - DOMAIN-SUFFIX,javmost.com
  - DOMAIN-SUFFIX,jav321.com
  - DOMAIN-SUFFIX,javmenu.com
  - DOMAIN-SUFFIX,hpjav.tv
  - DOMAIN-SUFFIX,av01.tv
  - DOMAIN-SUFFIX,madou.club
  - DOMAIN-SUFFIX,javguru.com
  - DOMAIN-SUFFIX,javhihi.com
  - DOMAIN-SUFFIX,cableav.tv

  # ==========================================
  # 5. 二次元/动漫/Hentai (流量巨大)
  # ==========================================
  - DOMAIN-SUFFIX,nhentai.net
  - DOMAIN-SUFFIX,e-hentai.org
  - DOMAIN-SUFFIX,exhentai.org
  - DOMAIN-SUFFIX,hanime.tv
  - DOMAIN-SUFFIX,pururin.io
  - DOMAIN-SUFFIX,hitomi.la
  - DOMAIN-SUFFIX,gelbooru.com
  - DOMAIN-SUFFIX,rule34.xxx
  - DOMAIN-SUFFIX,sankakucomplex.com
  - DOMAIN-SUFFIX,tsumino.com
  - DOMAIN-SUFFIX,hentai-foundry.com
  - DOMAIN-SUFFIX,hentaihaven.xxx
  - DOMAIN-SUFFIX,fakku.net
  - DOMAIN-SUFFIX,8muses.com
  - DOMAIN-SUFFIX,3dhentai.pro
  - DOMAIN-SUFFIX,wnacg.org
  - DOMAIN-SUFFIX,18comic.org
  - DOMAIN-SUFFIX,18comic.vip
  - DOMAIN-SUFFIX,jmcomic.me

  # ==========================================
  # 6. 图站与论坛 (Images & Forums)
  # ==========================================
  - DOMAIN-SUFFIX,imagefap.com
  - DOMAIN-SUFFIX,pixhost.to
  - DOMAIN-SUFFIX,imgbox.com
  - DOMAIN-SUFFIX,kjk.net
  - DOMAIN-SUFFIX,vipergirls.to
  - DOMAIN-SUFFIX,planetsuzy.org
  - DOMAIN-SUFFIX,adultdvdtalk.com
  - DOMAIN-SUFFIX,fapello.com
  - DOMAIN-SUFFIX,fapality.com
  - DOMAIN-SUFFIX,yespornplease.com
  - DOMAIN-SUFFIX,erome.com
  - DOMAIN-SUFFIX,coomer.party
  - DOMAIN-SUFFIX,kemono.party

  # ==========================================
  # 7. 你的原始需求补充 (已去重)
  # ==========================================
  - DOMAIN-SUFFIX,onlyfans.com
  - DOMAIN-SUFFIX,fansly.com
  - DOMAIN-SUFFIX,rutube.ru
  - DOMAIN-SUFFIX,theporndude.com
  - DOMAIN-SUFFIX,thisvid.com
  - DOMAIN-SUFFIX,qorno.com
  - DOMAIN-SUFFIX,pornhat.com
  - DOMAIN-SUFFIX,redgifs.com
  - DOMAIN-SUFFIX,tktube.com
  - DOMAIN-SUFFIX,pornone.com
  - DOMAIN-SUFFIX,sexvid.xxx
  - DOMAIN-SUFFIX,ok.xxx
  - DOMAIN-SUFFIX,zbporn.com
  - DOMAIN-SUFFIX,theyarehuge.com
  - DOMAIN-SUFFIX,shameless.com
  - DOMAIN-SUFFIX,porndroids.com
  - DOMAIN-SUFFIX,xxxbunker.com
  - DOMAIN-SUFFIX,alohatube.com
  - DOMAIN-SUFFIX,tubev.sex
  - DOMAIN-SUFFIX,3movs.com
  - DOMAIN-SUFFIX,tiava.com
  - DOMAIN-SUFFIX,smutr.com
  - DOMAIN-SUFFIX,ixxx.com
  - DOMAIN-SUFFIX,4tube.com
  - DOMAIN-SUFFIX,melonstube.com
  - DOMAIN-SUFFIX,fux.com
  - DOMAIN-SUFFIX,lobstertube.com
  - DOMAIN-SUFFIX,pornfaze.com
  - DOMAIN-SUFFIX,thematureporn.net
  - DOMAIN-SUFFIX,porn7.xxx
  - DOMAIN-SUFFIX,xvidzz.com
  - DOMAIN-SUFFIX,ebonytube.tv
  - DOMAIN-SUFFIX,porntube.com
  - DOMAIN-SUFFIX,pornid.xxx
  - DOMAIN-SUFFIX,xbabe.com
  - DOMAIN-SUFFIX,megatube.xxx
  - DOMAIN-SUFFIX,grannytube.net
  - DOMAIN-SUFFIX,bigporn.com
  - DOMAIN-SUFFIX,handjobhub.com
  - DOMAIN-SUFFIX,lovehomeporn.com
  - DOMAIN-SUFFIX,zenra.net
  - DOMAIN-SUFFIX,milfmovs.com
  - DOMAIN-SUFFIX,videosz.com
  - DOMAIN-SUFFIX,g2fame.com
# ==========================================
  # 8. 终极防线：关键词匹配 (Keyword Blocking)
  # 拦截所有漏网的、新注册的、随机生成的域名
  # ==========================================
  # ==========================================
  # 8. 进阶核武器：品牌关键词 (Brand Keywords)
  # 只要网址包含这些词，不管它加什么数字/后缀，通杀
  # ==========================================
  
  # --- 核心通用词 (高频) ---
  - DOMAIN-KEYWORD,porn       # 杀伤力极大
  - DOMAIN-KEYWORD,sex        # 杀伤力极大
  - DOMAIN-KEYWORD,av         # 杀伤力大 (注意：可能会误杀 av 杀毒软件官网，但在家用环境通常没事)
  - DOMAIN-KEYWORD,hentai     # 变态/动漫色情
  - DOMAIN-KEYWORD,fap        # 自慰 (如 fapster, fapello)
  - DOMAIN-KEYWORD,fuck       # 脏话域名
  - DOMAIN-KEYWORD,xxx        # 成人通用
  - DOMAIN-KEYWORD,pornovo        # 这个总是漏网之鱼
  # --- 欧美巨头品牌 (特征明显，放心用) ---
  - DOMAIN-KEYWORD,pornhub
  - DOMAIN-KEYWORD,brazzers
  - DOMAIN-KEYWORD,xvideos
  - DOMAIN-KEYWORD,xnxx
  - DOMAIN-KEYWORD,xhamster
  - DOMAIN-KEYWORD,xhaccess   # 您刚才发现的
  - DOMAIN-KEYWORD,youporn
  - DOMAIN-KEYWORD,redtube
  - DOMAIN-KEYWORD,bangbros
  - DOMAIN-KEYWORD,naughtyamerica
  - DOMAIN-KEYWORD,realitykings
  - DOMAIN-KEYWORD,teamskeet
  - DOMAIN-KEYWORD,fakehub
  - DOMAIN-KEYWORD,twistys
  - DOMAIN-KEYWORD,evilangel
  - DOMAIN-KEYWORD,digitalplayground
  - DOMAIN-KEYWORD,mofos
  - DOMAIN-KEYWORD,phncdn     # Pornhub 的图片服务器
  - DOMAIN-KEYWORD,xhcdn      # xHamster 的图片服务器

  # --- 知名 Tube 站 & 变种 ---
  - DOMAIN-KEYWORD,spankbang
  - DOMAIN-KEYWORD,eporner
  - DOMAIN-KEYWORD,hqporner
  - DOMAIN-KEYWORD,beeg
  - DOMAIN-KEYWORD,daftsex
  - DOMAIN-KEYWORD,motherless
  - DOMAIN-KEYWORD,txxx
  - DOMAIN-KEYWORD,drtuber
  - DOMAIN-KEYWORD,tnaflix
  - DOMAIN-KEYWORD,empflix
  - DOMAIN-KEYWORD,cumlouder
  - DOMAIN-KEYWORD,thumbzilla
  - DOMAIN-KEYWORD,tubegalore
  - DOMAIN-KEYWORD,upornia
  - DOMAIN-KEYWORD,anysex
  - DOMAIN-KEYWORD,gotporn
  - DOMAIN-KEYWORD,yesporn
  - DOMAIN-KEYWORD,vjav
  - DOMAIN-KEYWORD,sleazyneasy

  # --- 直播类 (Live Cams) ---
  - DOMAIN-KEYWORD,chaturbate
  - DOMAIN-KEYWORD,bongacams
  - DOMAIN-KEYWORD,livejasmin
  - DOMAIN-KEYWORD,camsoda
  - DOMAIN-KEYWORD,myfreecams
  - DOMAIN-KEYWORD,stripchat
  - DOMAIN-KEYWORD,imlive
  - DOMAIN-KEYWORD,flirt4free
  - DOMAIN-KEYWORD,jerkmate

  # --- 亚洲/JAV/中文 (极其容易出现数字变种) ---
  - DOMAIN-KEYWORD,javbus
  - DOMAIN-KEYWORD,javlibrary
  - DOMAIN-KEYWORD,javdb
  - DOMAIN-KEYWORD,jable
  - DOMAIN-KEYWORD,missav
  - DOMAIN-KEYWORD,supjav
  - DOMAIN-KEYWORD,netflav
  - DOMAIN-KEYWORD,avgle
  - DOMAIN-KEYWORD,91porn
  - DOMAIN-KEYWORD,t66y       # 草榴
  - DOMAIN-KEYWORD,sehuatang  # 色花堂
  - DOMAIN-KEYWORD,hjd2048
  - DOMAIN-KEYWORD,javmost
  - DOMAIN-KEYWORD,jav321
  - DOMAIN-KEYWORD,hpjav
  - DOMAIN-KEYWORD,madou      # 麻豆 (注意：可能会误杀台湾麻豆区的旅游网站，但几率较小)
  - DOMAIN-KEYWORD,cableav

  # --- 二次元/动漫 (Hentai) ---
  - DOMAIN-KEYWORD,nhentai
  - DOMAIN-KEYWORD,e-hentai
  - DOMAIN-KEYWORD,exhentai
  - DOMAIN-KEYWORD,hanime
  - DOMAIN-KEYWORD,pururin
  - DOMAIN-KEYWORD,gelbooru
  - DOMAIN-KEYWORD,rule34     # 著名色情法则
  - DOMAIN-KEYWORD,sankaku
  - DOMAIN-KEYWORD,tsumino
  - DOMAIN-KEYWORD,fakku
  - DOMAIN-KEYWORD,8muses
  - DOMAIN-KEYWORD,wnacg
  - DOMAIN-KEYWORD,18comic
  - DOMAIN-KEYWORD,jmcomic

  # --- 其他特定平台 ---
  - DOMAIN-KEYWORD,onlyfans
  - DOMAIN-KEYWORD,fansly
  - DOMAIN-KEYWORD,theporndude
  - DOMAIN-KEYWORD,thisvid
  - DOMAIN-KEYWORD,redgifs
