payload:
  # --- 1. 顽固网贷/金融系 ---
  # 拍拍贷 (日志中极高频)
  - DOMAIN-SUFFIX,ppdai.com
  - DOMAIN-SUFFIX,ppdaicdn.com
  # 信用飞
  - DOMAIN-SUFFIX,xinyongfei.cn
  - DOMAIN-SUFFIX,xinyongfei.com
  # 360借条 (精准拦截广告RTA接口)
  - DOMAIN,rtawin.daikuan.360.cn
  # 马上消费/安逸花 (借贷)
  - DOMAIN-SUFFIX,msxf.com
  - DOMAIN-SUFFIX,anyihua.com

  # --- 2. 字节跳动深层广告/电商/追踪 ---
  # Pitaya 端侧智能广告计算 SDK (必须杀)
  - DOMAIN,pitaya.bytedance.com
  # 字节电商广告接口 (如果不购物可拦截)
  - DOMAIN-SUFFIX,ecombdapi.com
  # 字节供应链/追踪
  - DOMAIN-SUFFIX,bytescm.com
  # 穿山甲广告的新变种 (日志中出现)
  - DOMAIN,api-access.pangolin-sdk-toutiao1.com
  
  # --- 3. 第三方推广/广告联盟 ---
  # 途虎养车广告接口
  - DOMAIN,mkt-advertisement.tuhu.cn
  # 广告投放加速域名
  - DOMAIN-SUFFIX,huixuanjiasu.com
  # 茄子快传/奔跑 (广告联盟)
  - DOMAIN-SUFFIX,qiezibenpao.com
  # 天问数据 (追踪器)
  - DOMAIN,sdktt.data.tianwenca.com
  # ==========================================
  # 1. 全球流量巨头 (MindGeek, WGCZ, Hamster)
  # ==========================================
  - DOMAIN-SUFFIX,pornhub.com
  - DOMAIN-SUFFIX,phncdn.com
  - DOMAIN-SUFFIX,phprcdn.com
  - DOMAIN-SUFFIX,pornhubpremium.com
  - DOMAIN-SUFFIX,xvideos.com
  - DOMAIN-SUFFIX,xvideos-cdn.com
  - DOMAIN-SUFFIX,xvideos.es
  - DOMAIN-SUFFIX,xnxx.com
  - DOMAIN-SUFFIX,xnxx-cdn.com
  - DOMAIN-SUFFIX,xhamster.com
  - DOMAIN-SUFFIX,xhamsterlive.com
  - DOMAIN-SUFFIX,xhcdn.com
  - DOMAIN-SUFFIX,redtube.com
  - DOMAIN-SUFFIX,youporn.com
  - DOMAIN-SUFFIX,tube8.com
  - DOMAIN-SUFFIX,brazzers.com
  - DOMAIN-SUFFIX,mofos.com
  - DOMAIN-SUFFIX,babes.com
  - DOMAIN-SUFFIX,realitykings.com
  - DOMAIN-SUFFIX,fakehub.com
  - DOMAIN-SUFFIX,bangbros.com
  - DOMAIN-SUFFIX,naughtyamerica.com
  - DOMAIN-SUFFIX,zzseries.com
  - DOMAIN-SUFFIX,teamskeet.com
  - DOMAIN-SUFFIX,evilangel.com
  - DOMAIN-SUFFIX,digitalplayground.com
  - DOMAIN-SUFFIX,twistys.com
  - DOMAIN-SUFFIX,pornvov.net
  - DOMAIN-SUFFIX,www.pornvov.net
  - DOMAIN-KEYWORD,pornvov
  # ==========================================
  # 2. 第二梯队高流量站点
  # ==========================================
  - DOMAIN-SUFFIX,eporner.com
  - DOMAIN-SUFFIX,hqporner.com
  - DOMAIN-SUFFIX,spankbang.com
  - DOMAIN-SUFFIX,daftsex.com
  - DOMAIN-SUFFIX,beeg.com
  - DOMAIN-SUFFIX,fapster.xxx
  - DOMAIN-SUFFIX,motherless.com
  - DOMAIN-SUFFIX,heavy-r.com
  - DOMAIN-SUFFIX,txxx.com
  - DOMAIN-SUFFIX,upornia.com
  - DOMAIN-SUFFIX,vporn.com
  - DOMAIN-SUFFIX,nuvid.com
  - DOMAIN-SUFFIX,drtuber.com
  - DOMAIN-SUFFIX,tnaflix.com
  - DOMAIN-SUFFIX,empflix.com
  - DOMAIN-SUFFIX,cumlouder.com
  - DOMAIN-SUFFIX,porntrex.com
  - DOMAIN-SUFFIX,porngo.com
  - DOMAIN-SUFFIX,pornhoarder.com
  - DOMAIN-SUFFIX,hclips.com
  - DOMAIN-SUFFIX,tube.sk
  - DOMAIN-SUFFIX,tubewolf.com
  - DOMAIN-SUFFIX,pornmates.com
  - DOMAIN-SUFFIX,anysex.com
  - DOMAIN-SUFFIX,bellesa.co
  - DOMAIN-SUFFIX,fuq.com
  - DOMAIN-SUFFIX,gotporn.com
  - DOMAIN-SUFFIX,kirtu.com
  - DOMAIN-SUFFIX,letmejerk.com
  - DOMAIN-SUFFIX,manhub.com
  - DOMAIN-SUFFIX,mature.nl
  - DOMAIN-SUFFIX,metart.com
  - DOMAIN-SUFFIX,monstercocks.com
  - DOMAIN-SUFFIX,mrskin.com
  - DOMAIN-SUFFIX,mygf.com
  - DOMAIN-SUFFIX,nothingbutcurves.com
  - DOMAIN-SUFFIX,olderwomen.com
  - DOMAIN-SUFFIX,passion.com
  - DOMAIN-SUFFIX,perfectgirls.net
  - DOMAIN-SUFFIX,pinkrod.com
  - DOMAIN-SUFFIX,porn.biz
  - DOMAIN-SUFFIX,porn.com
  - DOMAIN-SUFFIX,porn.net
  - DOMAIN-SUFFIX,porn.org
  - DOMAIN-SUFFIX,porn555.com
  - DOMAIN-SUFFIX,porndoe.com
  - DOMAIN-SUFFIX,pornhegemon.com
  - DOMAIN-SUFFIX,pornrabbit.com
  - DOMAIN-SUFFIX,proporn.com
  - DOMAIN-SUFFIX,puretaboo.com
  - DOMAIN-SUFFIX,sextube.com
  - DOMAIN-SUFFIX,shufuni.com
  - DOMAIN-SUFFIX,sleazyneasy.com
  - DOMAIN-SUFFIX,spankwire.com
  - DOMAIN-SUFFIX,sunporno.com
  - DOMAIN-SUFFIX,thehun.net
  - DOMAIN-SUFFIX,thumbzilla.com
  - DOMAIN-SUFFIX,tubegalore.com
  - DOMAIN-SUFFIX,ureaporn.com
  - DOMAIN-SUFFIX,vjav.com
  - DOMAIN-SUFFIX,x-art.com
  - DOMAIN-SUFFIX,yespornpleasexxx.com
  - DOMAIN-SUFFIX,yourlust.com
  - DOMAIN-SUFFIX,pornovo.com
  - DOMAIN-SUFFIX,qorno.com
  - DOMAIN-SUFFIX,pornhat.com
  - DOMAIN-SUFFIX,redgifs.com
  - DOMAIN-SUFFIX,tktube.com
  - DOMAIN-SUFFIX,pornone.com
  - DOMAIN-SUFFIX,sexvid.xxx
  - DOMAIN-SUFFIX,ok.xxx
  - DOMAIN-SUFFIX,zbporn.com
  - DOMAIN-SUFFIX,theyarehuge.com
  - DOMAIN-SUFFIX,shameless.com
  - DOMAIN-SUFFIX,porndroids.com
  - DOMAIN-SUFFIX,xxxbunker.com
  - DOMAIN-SUFFIX,alohatube.com
  - DOMAIN-SUFFIX,tubev.sex
  - DOMAIN-SUFFIX,3movs.com
  - DOMAIN-SUFFIX,tiava.com
  - DOMAIN-SUFFIX,smutr.com
  - DOMAIN-SUFFIX,ixxx.com
  - DOMAIN-SUFFIX,4tube.com
  - DOMAIN-SUFFIX,melonstube.com
  - DOMAIN-SUFFIX,fux.com
  - DOMAIN-SUFFIX,lobstertube.com
  - DOMAIN-SUFFIX,pornfaze.com
  - DOMAIN-SUFFIX,thematureporn.net
  - DOMAIN-SUFFIX,porn7.xxx
  - DOMAIN-SUFFIX,xvidzz.com
  - DOMAIN-SUFFIX,ebonytube.tv
  - DOMAIN-SUFFIX,porntube.com
  - DOMAIN-SUFFIX,pornid.xxx
  - DOMAIN-SUFFIX,xbabe.com
  - DOMAIN-SUFFIX,megatube.xxx
  - DOMAIN-SUFFIX,grannytube.net
  - DOMAIN-SUFFIX,bigporn.com
  - DOMAIN-SUFFIX,handjobhub.com
  - DOMAIN-SUFFIX,lovehomeporn.com
  - DOMAIN-SUFFIX,zenra.net
  - DOMAIN-SUFFIX,milfmovs.com
  - DOMAIN-SUFFIX,videosz.com
  - DOMAIN-SUFFIX,g2fame.com

  # ==========================================
  # 3. 直播与聊天平台
  # ==========================================
  - DOMAIN-SUFFIX,chaturbate.com
  - DOMAIN-SUFFIX,bongacams.com
  - DOMAIN-SUFFIX,livejasmin.com
  - DOMAIN-SUFFIX,camsoda.com
  - DOMAIN-SUFFIX,myfreecams.com
  - DOMAIN-SUFFIX,stripchat.com
  - DOMAIN-SUFFIX,imlive.com
  - DOMAIN-SUFFIX,cam4.com
  - DOMAIN-SUFFIX,streamate.com
  - DOMAIN-SUFFIX,flirt4free.com
  - DOMAIN-SUFFIX,jerkmate.com
  - DOMAIN-SUFFIX,sakuralive.com
  - DOMAIN-SUFFIX,swag.live

  # ==========================================
  # 4. 亚洲/日本/中文站点
  # ==========================================
  - DOMAIN-SUFFIX,javbus.com
  - DOMAIN-SUFFIX,javlibrary.com
  - DOMAIN-SUFFIX,javdb.com
  - DOMAIN-SUFFIX,jable.tv
  - DOMAIN-SUFFIX,missav.com
  - DOMAIN-SUFFIX,supjav.com
  - DOMAIN-SUFFIX,netflav.com
  - DOMAIN-SUFFIX,avgle.com
  - DOMAIN-SUFFIX,7mmtv.tv
  - DOMAIN-SUFFIX,91porn.com
  - DOMAIN-SUFFIX,t66y.com
  - DOMAIN-SUFFIX,cool18.com
  - DOMAIN-SUFFIX,sexinsex.net
  - DOMAIN-SUFFIX,52av.one
  - DOMAIN-SUFFIX,sehuatang.org
  - DOMAIN-SUFFIX,hjd2048.com
  - DOMAIN-SUFFIX,sukebei.nyaa.si
  - DOMAIN-SUFFIX,javmost.com
  - DOMAIN-SUFFIX,jav321.com
  - DOMAIN-SUFFIX,javmenu.com
  - DOMAIN-SUFFIX,hpjav.tv
  - DOMAIN-SUFFIX,av01.tv
  - DOMAIN-SUFFIX,madou.club
  - DOMAIN-SUFFIX,javguru.com
  - DOMAIN-SUFFIX,javhihi.com
  - DOMAIN-SUFFIX,cableav.tv

  # ==========================================
  # 5. 二次元/动漫/Hentai
  # ==========================================
  - DOMAIN-SUFFIX,nhentai.net
  - DOMAIN-SUFFIX,e-hentai.org
  - DOMAIN-SUFFIX,exhentai.org
  - DOMAIN-SUFFIX,hanime.tv
  - DOMAIN-SUFFIX,pururin.io
  - DOMAIN-SUFFIX,hitomi.la
  - DOMAIN-SUFFIX,gelbooru.com
  - DOMAIN-SUFFIX,rule34.xxx
  - DOMAIN-SUFFIX,sankakucomplex.com
  - DOMAIN-SUFFIX,tsumino.com
  - DOMAIN-SUFFIX,hentai-foundry.com
  - DOMAIN-SUFFIX,hentaihaven.xxx
  - DOMAIN-SUFFIX,fakku.net
  - DOMAIN-SUFFIX,8muses.com
  - DOMAIN-SUFFIX,3dhentai.pro
  - DOMAIN-SUFFIX,wnacg.org
  - DOMAIN-SUFFIX,18comic.org
  - DOMAIN-SUFFIX,18comic.vip
  - DOMAIN-SUFFIX,jmcomic.me

  # ==========================================
  # 6. 图站与论坛
  # ==========================================
  - DOMAIN-SUFFIX,imagefap.com
  - DOMAIN-SUFFIX,pixhost.to
  - DOMAIN-SUFFIX,imgbox.com
  - DOMAIN-SUFFIX,kjk.net
  - DOMAIN-SUFFIX,vipergirls.to
  - DOMAIN-SUFFIX,planetsuzy.org
  - DOMAIN-SUFFIX,adultdvdtalk.com
  - DOMAIN-SUFFIX,fapello.com
  - DOMAIN-SUFFIX,fapality.com
  - DOMAIN-SUFFIX,yespornplease.com
  - DOMAIN-SUFFIX,erome.com
  - DOMAIN-SUFFIX,coomer.party
  - DOMAIN-SUFFIX,kemono.party

  # ==========================================
  # 7. 订阅制平台
  # ==========================================
  - DOMAIN-SUFFIX,onlyfans.com
  - DOMAIN-SUFFIX,fansly.com
  - DOMAIN-SUFFIX,rutube.ru
  - DOMAIN-SUFFIX,theporndude.com
  - DOMAIN-SUFFIX,thisvid.com

  # ==========================================
  # 8. 免费视频托管服务（常被滥用）
  # ==========================================
  - DOMAIN-SUFFIX,doodstream.com
  - DOMAIN-SUFFIX,dood.to
  - DOMAIN-SUFFIX,dood.la
  - DOMAIN-SUFFIX,dood.ws
  - DOMAIN-SUFFIX,streamtape.com
  - DOMAIN-SUFFIX,streamtape.to
  - DOMAIN-SUFFIX,mixdrop.co
  - DOMAIN-SUFFIX,mixdrop.to
  - DOMAIN-SUFFIX,streamlare.com
  - DOMAIN-SUFFIX,filemoon.sx
  - DOMAIN-SUFFIX,streamwish.com
  - DOMAIN-SUFFIX,vidhide.com
  - DOMAIN-SUFFIX,ninjastream.to
  - DOMAIN-SUFFIX,streamsb.com
  - DOMAIN-SUFFIX,evoload.io
  - DOMAIN-SUFFIX,vupload.com
  - DOMAIN-SUFFIX,upcloud.to
  - DOMAIN-SUFFIX,upstream.to
  - DOMAIN-SUFFIX,mp4upload.com
  - DOMAIN-SUFFIX,lulustream.com
  - DOMAIN-SUFFIX,bitporno.com

  # ==========================================
  # 9. OK.ru CDN（你发现的偷跑源）
  # ==========================================
  - DOMAIN-SUFFIX,okcdn.ru

  # ==========================================
  # 10. 品牌关键词（拦截变种域名）
  # ==========================================
  # 核心通用词（低风险）
  - DOMAIN-KEYWORD,porn
  - DOMAIN-KEYWORD,hentai
 

  # 欧美巨头品牌
  - DOMAIN-KEYWORD,pornhub
  - DOMAIN-KEYWORD,brazzers
  - DOMAIN-KEYWORD,xvideos
  - DOMAIN-KEYWORD,xnxx
  - DOMAIN-KEYWORD,xhamster
  - DOMAIN-KEYWORD,youporn
  - DOMAIN-KEYWORD,redtube
  - DOMAIN-KEYWORD,bangbros
  - DOMAIN-KEYWORD,naughtyamerica
  - DOMAIN-KEYWORD,realitykings
  - DOMAIN-KEYWORD,teamskeet
  - DOMAIN-KEYWORD,fakehub
  - DOMAIN-KEYWORD,twistys
  - DOMAIN-KEYWORD,evilangel
  - DOMAIN-KEYWORD,digitalplayground
  - DOMAIN-KEYWORD,mofos
  - DOMAIN-KEYWORD,phncdn
  - DOMAIN-KEYWORD,xhcdn

  # 知名 Tube 站
  - DOMAIN-KEYWORD,spankbang
  - DOMAIN-KEYWORD,eporner
  - DOMAIN-KEYWORD,hqporner
  - DOMAIN-KEYWORD,beeg
  - DOMAIN-KEYWORD,daftsex
  - DOMAIN-KEYWORD,motherless
  - DOMAIN-KEYWORD,txxx
  - DOMAIN-KEYWORD,drtuber
  - DOMAIN-KEYWORD,tnaflix
  - DOMAIN-KEYWORD,empflix
  - DOMAIN-KEYWORD,cumlouder
  - DOMAIN-KEYWORD,thumbzilla
  - DOMAIN-KEYWORD,tubegalore
  - DOMAIN-KEYWORD,upornia
  - DOMAIN-KEYWORD,anysex
  - DOMAIN-KEYWORD,gotporn
  - DOMAIN-KEYWORD,yesporn
  - DOMAIN-KEYWORD,vjav
  - DOMAIN-KEYWORD,sleazyneasy
  - DOMAIN-KEYWORD,pornov
  - DOMAIN-KEYWORD,bitporno
  - DOMAIN-KEYWORD,porntube

  # 直播类
  - DOMAIN-KEYWORD,chaturbate
  - DOMAIN-KEYWORD,bongacams
  - DOMAIN-KEYWORD,livejasmin
  - DOMAIN-KEYWORD,camsoda
  - DOMAIN-KEYWORD,myfreecams
  - DOMAIN-KEYWORD,stripchat
  - DOMAIN-KEYWORD,imlive
  - DOMAIN-KEYWORD,flirt4free
  - DOMAIN-KEYWORD,jerkmate

  # 亚洲/JAV
  - DOMAIN-KEYWORD,javbus
  - DOMAIN-KEYWORD,javlibrary
  - DOMAIN-KEYWORD,javdb
  - DOMAIN-KEYWORD,jable
  - DOMAIN-KEYWORD,missav
  - DOMAIN-KEYWORD,supjav
  - DOMAIN-KEYWORD,netflav
  - DOMAIN-KEYWORD,avgle
  - DOMAIN-KEYWORD,91porn
  - DOMAIN-KEYWORD,t66y
  - DOMAIN-KEYWORD,sehuatang
  - DOMAIN-KEYWORD,hjd2048
  - DOMAIN-KEYWORD,javmost
  - DOMAIN-KEYWORD,jav321
  - DOMAIN-KEYWORD,hpjav
  - DOMAIN-KEYWORD,madou
  - DOMAIN-KEYWORD,cableav

  # 二次元/Hentai
  - DOMAIN-KEYWORD,nhentai
  - DOMAIN-KEYWORD,e-hentai
  - DOMAIN-KEYWORD,exhentai
  - DOMAIN-KEYWORD,hanime
  - DOMAIN-KEYWORD,pururin
  - DOMAIN-KEYWORD,gelbooru
  - DOMAIN-KEYWORD,rule34
  - DOMAIN-KEYWORD,sankaku
  - DOMAIN-KEYWORD,tsumino
  - DOMAIN-KEYWORD,fakku
  - DOMAIN-KEYWORD,8muses
  - DOMAIN-KEYWORD,wnacg
  - DOMAIN-KEYWORD,18comic
  - DOMAIN-KEYWORD,jmcomic

  # 订阅平台
  - DOMAIN-KEYWORD,onlyfans
  - DOMAIN-KEYWORD,fansly
  - DOMAIN-KEYWORD,theporndude
  - DOMAIN-KEYWORD,thisvid
  - DOMAIN-KEYWORD,redgifs

  # 视频托管关键词
  - DOMAIN-KEYWORD,dood
  - DOMAIN-KEYWORD,streamtape
  - DOMAIN-KEYWORD,mixdrop
  - DOMAIN-KEYWORD,xxxstream
  - DOMAIN-KEYWORD,okcdn

  # ==========================================
  # 11. 激进规则（可选，默认注释）
  # 取消注释前请评估影响
  # ==========================================
# === 度小满/百度金融相关 ===
  # 核心广告/借贷接口
  - DOMAIN-SUFFIX,duxiaoman.com
  - DOMAIN-SUFFIX,dxmstatic.com
  # 度小满CDN/静态资源 (日志中大量出现)
  - DOMAIN,dxm-xd-xcloan.cdn.bcebos.com
  - DOMAIN,plusjrmallstatic.bj.bcebos.com
  - DOMAIN,ppui-static-wap.cdn.bcebos.com
  
  # === 拍拍贷相关 (日志中出现的 ppdai) ===
  - DOMAIN-SUFFIX,ppdai.com
  - DOMAIN-SUFFIX,ppdaicdn.com
  
  # === 借条/贷款相关 (日志中出现的 xjietiao) ===
  - DOMAIN-SUFFIX,xjietiao.com
  - DOMAIN,cdn.xjietiao.com

  # === 字节跳动/穿山甲广告联盟 (核心补漏) ===
  # 巨量引擎广告转化
  - DOMAIN,clue.oceanengine.com
  # 字节跳动短链追踪
  - DOMAIN,tr.byteurl.cn
  # 字节跳动数据分析
  - DOMAIN,lf3-analytics.bytescm.com
  # 广告SDK相关 (日志中大量直连)
  - DOMAIN,mcs.snssdk.com
  - DOMAIN,is.snssdk.com
  # 广告/行为日志上报 (建议拦截)
  - DOMAIN-SUFFIX,applog-lf.toutiaoapi.com
  - DOMAIN-SUFFIX,misc-lf.toutiaoapi.com
  
  # === 其他广告联盟/追踪 ===
  - DOMAIN,sdktt.data.tianwenca.com
  - DOMAIN,nsclick.baidu.com
# 拦截所有带 "jieqian" (借钱) 的域名
  - DOMAIN-KEYWORD,jieqian,REJECT
  # 拦截所有带 "daikuan" (贷款) 的域名
  - DOMAIN-KEYWORD,daikuan,REJECT
  # 拦截所有带 "jietiao" (借条 - 如360借条) 的域名
  - DOMAIN-KEYWORD,jietiao,REJECT
  # 拦截所有带 "qianbao" (钱包 - 很多网贷叫xx钱包) 的域名
  - DOMAIN-KEYWORD,qianbao,REJECT
  
  # ====== 2. 具体的流氓金融品牌 ======
  # 信用飞
  - DOMAIN-SUFFIX,xinyongfei.com,REJECT
  - DOMAIN-SUFFIX,xyf.cn,REJECT
  # 360借条/金融 (360系广告极多)
  - DOMAIN-SUFFIX,360jie.com,REJECT
  - DOMAIN-SUFFIX,360jinrong.net,REJECT
  - DOMAIN-SUFFIX,qhres.com,REJECT
  # 拍拍贷
  - DOMAIN-SUFFIX,ppdai.com,REJECT
  # 众安保险/贷 (头条常客)
  - DOMAIN-SUFFIX,zhongan.com,REJECT
  - DOMAIN-SUFFIX,zaojr.com,REJECT
  # 马上消费金融 (安逸花)
  - DOMAIN-SUFFIX,msxf.com,REJECT
  - DOMAIN-SUFFIX,anyihua.com,REJECT
  # 招联金融
  - DOMAIN-SUFFIX,mucfc.com,REJECT

  # 本碎片只包含常见广告关键字、广告联盟。无副作用，放心使用

# 广告关键词
DOMAIN-KEYWORD,admarvel
DOMAIN-KEYWORD,admaster
DOMAIN-KEYWORD,adsage
DOMAIN-KEYWORD,adsensor
DOMAIN-KEYWORD,adsmogo
DOMAIN-KEYWORD,adsrvmedia
DOMAIN-KEYWORD,adsserving
DOMAIN-KEYWORD,adsystem
DOMAIN-KEYWORD,adwords
DOMAIN-KEYWORD,applovin
DOMAIN-KEYWORD,appsflyer
DOMAIN-KEYWORD,domob
DOMAIN-KEYWORD,duomeng
DOMAIN-KEYWORD,dwtrack
DOMAIN-KEYWORD,guanggao
DOMAIN-KEYWORD,omgmta
DOMAIN-KEYWORD,omniture
DOMAIN-KEYWORD,openx
DOMAIN-KEYWORD,partnerad
DOMAIN-KEYWORD,pingfore
DOMAIN-KEYWORD,socdm
DOMAIN-KEYWORD,supersonicads
DOMAIN-KEYWORD,wlmonitor
DOMAIN-KEYWORD,zjtoolbar

# 广告联盟-国内****************
DOMAIN-SUFFIX,09mk.cn
DOMAIN-SUFFIX,100peng.com
DOMAIN-SUFFIX,114la.com
DOMAIN-SUFFIX,123juzi.net
DOMAIN-SUFFIX,138lm.com
DOMAIN-SUFFIX,17un.com
DOMAIN-SUFFIX,2cnt.net
DOMAIN-SUFFIX,3gmimo.com
DOMAIN-SUFFIX,3xx.vip
DOMAIN-SUFFIX,51.la
DOMAIN-SUFFIX,51taifu.com
DOMAIN-SUFFIX,51yes.com
DOMAIN-SUFFIX,600ad.com
DOMAIN-SUFFIX,6dad.com
DOMAIN-SUFFIX,70e.com
DOMAIN-SUFFIX,86.cc
DOMAIN-SUFFIX,8le8le.com
DOMAIN-SUFFIX,8ox.cn
DOMAIN-SUFFIX,95558000.com
DOMAIN-SUFFIX,99click.com
DOMAIN-SUFFIX,99youmeng.com
DOMAIN-SUFFIX,a3p4.net
DOMAIN-SUFFIX,acs86.com
DOMAIN-SUFFIX,acxiom-online.com
DOMAIN-SUFFIX,ad-brix.com
DOMAIN-SUFFIX,ad-delivery.net
DOMAIN-SUFFIX,ad-locus.com
DOMAIN-SUFFIX,ad-plus.cn
DOMAIN-SUFFIX,ad7.com
DOMAIN-SUFFIX,adadapted.com
DOMAIN-SUFFIX,adadvisor.net
DOMAIN-SUFFIX,adap.tv
DOMAIN-SUFFIX,adbana.com
DOMAIN-SUFFIX,adchina.com
DOMAIN-SUFFIX,adcome.cn
DOMAIN-SUFFIX,ader.mobi
DOMAIN-SUFFIX,adform.net
DOMAIN-SUFFIX,adfuture.cn
DOMAIN-SUFFIX,adhouyi.com
DOMAIN-SUFFIX,adinfuse.com
DOMAIN-SUFFIX,adirects.com
DOMAIN-SUFFIX,adjust.io
DOMAIN-SUFFIX,adkmob.com
DOMAIN-SUFFIX,adlive.cn
DOMAIN-SUFFIX,adlocus.com
DOMAIN-SUFFIX,admaji.com
DOMAIN-SUFFIX,admin6.com
DOMAIN-SUFFIX,admon.cn
DOMAIN-SUFFIX,adnyg.com
DOMAIN-SUFFIX,adpolestar.net
DOMAIN-SUFFIX,adpro.cn
DOMAIN-SUFFIX,adpush.cn
DOMAIN-SUFFIX,adquan.com
DOMAIN-SUFFIX,adreal.cn
DOMAIN-SUFFIX,ads8.com
DOMAIN-SUFFIX,adsame.com
DOMAIN-SUFFIX,adsmogo.com
DOMAIN-SUFFIX,adsmogo.org
DOMAIN-SUFFIX,adsunflower.com
DOMAIN-SUFFIX,adsunion.com
DOMAIN-SUFFIX,adtrk.me
DOMAIN-SUFFIX,adups.com
DOMAIN-SUFFIX,aduu.cn
DOMAIN-SUFFIX,advertising.com
DOMAIN-SUFFIX,adview.cn
DOMAIN-SUFFIX,advmob.cn
DOMAIN-SUFFIX,adwetec.com
DOMAIN-SUFFIX,adwhirl.com
DOMAIN-SUFFIX,adwo.com
DOMAIN-SUFFIX,adxmi.com
DOMAIN-SUFFIX,adyun.com
DOMAIN-SUFFIX,adzerk.net
DOMAIN-SUFFIX,agrant.cn
DOMAIN-SUFFIX,agrantsem.com
DOMAIN-SUFFIX,aihaoduo.cn
DOMAIN-SUFFIX,ajapk.com
DOMAIN-SUFFIX,allyes.cn
DOMAIN-SUFFIX,allyes.com
DOMAIN-SUFFIX,amazon-adsystem.com
DOMAIN-SUFFIX,analysys.cn
DOMAIN-SUFFIX,angsrvr.com
DOMAIN-SUFFIX,anquan.org
DOMAIN-SUFFIX,anysdk.com
DOMAIN-SUFFIX,appadhoc.com
DOMAIN-SUFFIX,appads.com
DOMAIN-SUFFIX,appboy.com
DOMAIN-SUFFIX,appdriver.cn
DOMAIN-SUFFIX,appjiagu.com
DOMAIN-SUFFIX,applifier.com
DOMAIN-SUFFIX,appsflyer.com
DOMAIN-SUFFIX,atdmt.com
DOMAIN-SUFFIX,baifendian.com
DOMAIN-SUFFIX,banmamedia.com
DOMAIN-SUFFIX,baoyatu.cc
DOMAIN-SUFFIX,baycode.cn
DOMAIN-SUFFIX,bayimob.com
DOMAIN-SUFFIX,behe.com
DOMAIN-SUFFIX,bfshan.cn
DOMAIN-SUFFIX,biddingos.com
DOMAIN-SUFFIX,biddingx.com
DOMAIN-SUFFIX,bjvvqu.cn
DOMAIN-SUFFIX,bjxiaohua.com
DOMAIN-SUFFIX,bloggerads.net
DOMAIN-SUFFIX,branch.io
DOMAIN-SUFFIX,bsdev.cn
DOMAIN-SUFFIX,bshare.cn
DOMAIN-SUFFIX,btyou.com
DOMAIN-SUFFIX,bugtags.com
DOMAIN-SUFFIX,buysellads.com
DOMAIN-SUFFIX,c0563.com
DOMAIN-SUFFIX,cacafly.com
DOMAIN-SUFFIX,casee.cn
DOMAIN-SUFFIX,cdnmaster.com
DOMAIN-SUFFIX,chance-ad.com
DOMAIN-SUFFIX,chanet.com.cn
DOMAIN-SUFFIX,chartbeat.com
DOMAIN-SUFFIX,chartboost.com
DOMAIN-SUFFIX,chengadx.com
DOMAIN-SUFFIX,chmae.com
DOMAIN-SUFFIX,clickadu.com
DOMAIN-SUFFIX,clicki.cn
DOMAIN-SUFFIX,clicktracks.com
DOMAIN-SUFFIX,clickzs.com
DOMAIN-SUFFIX,cloudmobi.net
DOMAIN-SUFFIX,cmcore.com
DOMAIN-SUFFIX,cnxad.com
DOMAIN-SUFFIX,cnzz.com
DOMAIN-SUFFIX,cnzzlink.com
DOMAIN-SUFFIX,cocounion.com
DOMAIN-SUFFIX,coocaatv.com
DOMAIN-SUFFIX,cooguo.com
DOMAIN-SUFFIX,coolguang.com
DOMAIN-SUFFIX,coremetrics.com
DOMAIN-SUFFIX,cpmchina.co
DOMAIN-SUFFIX,cpx24.com
DOMAIN-SUFFIX,crasheye.cn
DOMAIN-SUFFIX,crosschannel.com
DOMAIN-SUFFIX,ctrmi.com
DOMAIN-SUFFIX,customer-security.online
DOMAIN-SUFFIX,daoyoudao.com
DOMAIN-SUFFIX,datouniao.com
DOMAIN-SUFFIX,ddapp.cn
DOMAIN-SUFFIX,dianjoy.com
DOMAIN-SUFFIX,dianru.com
DOMAIN-SUFFIX,disqusads.com
DOMAIN-SUFFIX,domob.cn
DOMAIN-SUFFIX,domob.com.cn
DOMAIN-SUFFIX,domob.org
DOMAIN-SUFFIX,dotmore.com.tw
DOMAIN-SUFFIX,doubleverify.com
DOMAIN-SUFFIX,doudouguo.com
DOMAIN-SUFFIX,doumob.com
DOMAIN-SUFFIX,duanat.com
DOMAIN-SUFFIX,duiba.com.cn
DOMAIN-SUFFIX,duomeng.cn
DOMAIN-SUFFIX,dxpmedia.com
DOMAIN-SUFFIX,edigitalsurvey.com
DOMAIN-SUFFIX,eduancm.com
DOMAIN-SUFFIX,emarbox.com
DOMAIN-SUFFIX,exosrv.com
DOMAIN-SUFFIX,fancyapi.com
DOMAIN-SUFFIX,feitian001.com
DOMAIN-SUFFIX,feixin2.com
DOMAIN-SUFFIX,flashtalking.com
DOMAIN-SUFFIX,fraudmetrix.cn
DOMAIN-SUFFIX,g1.tagtic.cn
DOMAIN-SUFFIX,gentags.net
DOMAIN-SUFFIX,gepush.com
DOMAIN-SUFFIX,getui.com
DOMAIN-SUFFIX,glispa.com
DOMAIN-SUFFIX,go-mpulse
DOMAIN-SUFFIX,go-mpulse.net
DOMAIN-SUFFIX,godloveme.cn
DOMAIN-SUFFIX,gridsum.com
DOMAIN-SUFFIX,gridsumdissector.cn
DOMAIN-SUFFIX,gridsumdissector.com
DOMAIN-SUFFIX,growingio.com
DOMAIN-SUFFIX,guohead.com
DOMAIN-SUFFIX,guomob.com
DOMAIN-SUFFIX,haoghost.com
DOMAIN-SUFFIX,hivecn.cn
DOMAIN-SUFFIX,hypers.com
DOMAIN-SUFFIX,icast.cn
DOMAIN-SUFFIX,igexin.com
DOMAIN-SUFFIX,il8r.com
DOMAIN-SUFFIX,imageter.com
DOMAIN-SUFFIX,immob.cn
DOMAIN-SUFFIX,inad.com
DOMAIN-SUFFIX,inmobi.cn
DOMAIN-SUFFIX,inmobi.net
DOMAIN-SUFFIX,inmobicdn.cn
DOMAIN-SUFFIX,inmobicdn.net
DOMAIN-SUFFIX,innity.com
DOMAIN-SUFFIX,instabug.com
DOMAIN-SUFFIX,intely.cn
DOMAIN-SUFFIX,iperceptions.com
DOMAIN-SUFFIX,ipinyou.com
DOMAIN-SUFFIX,irs01.com
DOMAIN-SUFFIX,irs01.net
DOMAIN-SUFFIX,irs09.com
DOMAIN-SUFFIX,istreamsche.com
DOMAIN-SUFFIX,jesgoo.com
DOMAIN-SUFFIX,jiaeasy.net
DOMAIN-SUFFIX,jiguang.cn
DOMAIN-SUFFIX,jimdo.com
DOMAIN-SUFFIX,jisucn.com
DOMAIN-SUFFIX,jmgehn.cn
DOMAIN-SUFFIX,jpush.cn
DOMAIN-SUFFIX,jusha.com
DOMAIN-SUFFIX,juzi.cn
DOMAIN-SUFFIX,juzilm.com
DOMAIN-SUFFIX,kejet.com
DOMAIN-SUFFIX,kejet.net
DOMAIN-SUFFIX,keydot.net
DOMAIN-SUFFIX,keyrun.cn
DOMAIN-SUFFIX,kmd365.com
DOMAIN-SUFFIX,krux.net
DOMAIN-SUFFIX,lnk0.com
DOMAIN-SUFFIX,lnk8.cn
DOMAIN-SUFFIX,localytics.com
DOMAIN-SUFFIX,lomark.cn
DOMAIN-SUFFIX,lotuseed.com
DOMAIN-SUFFIX,lrswl.com
DOMAIN-SUFFIX,lufax.com
DOMAIN-SUFFIX,madhouse.cn
DOMAIN-SUFFIX,madmini.com
DOMAIN-SUFFIX,madserving.com
DOMAIN-SUFFIX,magicwindow.cn
DOMAIN-SUFFIX,mathtag.com
DOMAIN-SUFFIX,maysunmedia.com
DOMAIN-SUFFIX,mbai.cn
DOMAIN-SUFFIX,mediaplex.com
DOMAIN-SUFFIX,mediav.com
DOMAIN-SUFFIX,megajoy.com
DOMAIN-SUFFIX,mgogo.com
DOMAIN-SUFFIX,miaozhen.com
DOMAIN-SUFFIX,microad-cn.com
DOMAIN-SUFFIX,miidi.net
DOMAIN-SUFFIX,mijifen.com
DOMAIN-SUFFIX,mixpanel.com
DOMAIN-SUFFIX,mjmobi.com
DOMAIN-SUFFIX,mng-ads.com
DOMAIN-SUFFIX,moad.cn
DOMAIN-SUFFIX,moatads.com
DOMAIN-SUFFIX,mobaders.com
DOMAIN-SUFFIX,mobclix.com
DOMAIN-SUFFIX,mobgi.com
DOMAIN-SUFFIX,mobisage.cn
DOMAIN-SUFFIX,moogos.com
DOMAIN-SUFFIX,mopub.com
DOMAIN-SUFFIX,moquanad.com
DOMAIN-SUFFIX,mpush.cn
DOMAIN-SUFFIX,mxpnl.com
DOMAIN-SUFFIX,myhug.cn
DOMAIN-SUFFIX,mzy2014.com
DOMAIN-SUFFIX,networkbench.com
DOMAIN-SUFFIX,ninebox.cn
DOMAIN-SUFFIX,nylalobghyhirgh.com
DOMAIN-SUFFIX,o2omobi.com
DOMAIN-SUFFIX,oadz.com
DOMAIN-SUFFIX,oneapm.com
DOMAIN-SUFFIX,onetad.com
DOMAIN-SUFFIX,optaim.com
DOMAIN-SUFFIX,optimix.asia
DOMAIN-SUFFIX,optimix.cn
DOMAIN-SUFFIX,optimizelyapis.com
DOMAIN-SUFFIX,overture.com
DOMAIN-SUFFIX,p0y.cn
DOMAIN-SUFFIX,pagechoice.net
DOMAIN-SUFFIX,pingdom.net
DOMAIN-SUFFIX,plugrush.com
DOMAIN-SUFFIX,popin.cc
DOMAIN-SUFFIX,pro.cn
DOMAIN-SUFFIX,publicidad.net
DOMAIN-SUFFIX,publicidad.tv
DOMAIN-SUFFIX,pubmatic.com
DOMAIN-SUFFIX,pubnub.com
DOMAIN-SUFFIX,qcl777.com
DOMAIN-SUFFIX,qiyou.com
DOMAIN-SUFFIX,qtmojo.com
DOMAIN-SUFFIX,quantcount.com
DOMAIN-SUFFIX,qucaigg.com
DOMAIN-SUFFIX,qumi.com
DOMAIN-SUFFIX,qxxys.com
DOMAIN-SUFFIX,reachmax.cn
DOMAIN-SUFFIX,responsys.net
DOMAIN-SUFFIX,revsci.net
DOMAIN-SUFFIX,rlcdn.com
DOMAIN-SUFFIX,rtbasia.com
DOMAIN-SUFFIX,sanya1.com
DOMAIN-SUFFIX,scupio.com
DOMAIN-SUFFIX,shuiguo.com
DOMAIN-SUFFIX,shuzilm.cn
DOMAIN-SUFFIX,sitemeter.com
DOMAIN-SUFFIX,sitescout.com
DOMAIN-SUFFIX,sitetag.us
DOMAIN-SUFFIX,smartmad.com
DOMAIN-SUFFIX,social-touch.com
DOMAIN-SUFFIX,somecoding.com
DOMAIN-SUFFIX,sponsorpay.com
DOMAIN-SUFFIX,stargame.com
DOMAIN-SUFFIX,stg8.com
DOMAIN-SUFFIX,switchadhub.com
DOMAIN-SUFFIX,sycbbs.com
DOMAIN-SUFFIX,synacast.com
DOMAIN-SUFFIX,sysdig.com
DOMAIN-SUFFIX,talkingdata.com
DOMAIN-SUFFIX,talkingdata.net
DOMAIN-SUFFIX,tansuotv.com
DOMAIN-SUFFIX,tanv.com
DOMAIN-SUFFIX,tanx.com
DOMAIN-SUFFIX,tapjoy.cn
DOMAIN-SUFFIX,th7.cn
DOMAIN-SUFFIX,thoughtleadr.com
DOMAIN-SUFFIX,tianmidian.com
DOMAIN-SUFFIX,tiqcdn.com
DOMAIN-SUFFIX,touclick.com
DOMAIN-SUFFIX,trafficjam.cn
DOMAIN-SUFFIX,trafficmp.com
DOMAIN-SUFFIX,tuia.cn
DOMAIN-SUFFIX,ueadlian.com
DOMAIN-SUFFIX,uerzyr.cn
DOMAIN-SUFFIX,ugdtimg.com
DOMAIN-SUFFIX,ugvip.com
DOMAIN-SUFFIX,ujian.cc
DOMAIN-SUFFIX,ukeiae.com
DOMAIN-SUFFIX,umeng.co
DOMAIN-SUFFIX,umeng.com
DOMAIN-SUFFIX,umtrack.com
DOMAIN-SUFFIX,unimhk.com
DOMAIN-SUFFIX,union-wifi.com
DOMAIN-SUFFIX,union001.com
DOMAIN-SUFFIX,unionsy.com
DOMAIN-SUFFIX,unlitui.com
DOMAIN-SUFFIX,uri6.com
DOMAIN-SUFFIX,ushaqi.com
DOMAIN-SUFFIX,usingde.com
DOMAIN-SUFFIX,uuzu.com
DOMAIN-SUFFIX,uyunad.com
DOMAIN-SUFFIX,vamaker.com
DOMAIN-SUFFIX,vlion.cn
DOMAIN-SUFFIX,voiceads.cn
DOMAIN-SUFFIX,voiceads.com
DOMAIN-SUFFIX,vpon.com
DOMAIN-SUFFIX,vungle.cn
DOMAIN-SUFFIX,vungle.com
DOMAIN-SUFFIX,waps.cn
DOMAIN-SUFFIX,wapx.cn
DOMAIN-SUFFIX,webterren.com
DOMAIN-SUFFIX,whpxy.com
DOMAIN-SUFFIX,winads.cn
DOMAIN-SUFFIX,winasdaq.com
DOMAIN-SUFFIX,wiyun.com
DOMAIN-SUFFIX,wooboo.com.cn
DOMAIN-SUFFIX,wqmobile.com
DOMAIN-SUFFIX,wrating.com
DOMAIN-SUFFIX,wumii.cn
DOMAIN-SUFFIX,wwads.cn
DOMAIN-SUFFIX,xcy8.com
DOMAIN-SUFFIX,xdrig.com
DOMAIN-SUFFIX,xiaozhen.com
DOMAIN-SUFFIX,xibao100.com
DOMAIN-SUFFIX,xtgreat.com
DOMAIN-SUFFIX,xy.com
DOMAIN-SUFFIX,yandui.com
DOMAIN-SUFFIX,yigao.com
DOMAIN-SUFFIX,yijifen.com
DOMAIN-SUFFIX,yinooo.com
DOMAIN-SUFFIX,yiqifa.com
DOMAIN-SUFFIX,yiwk.com
DOMAIN-SUFFIX,ylunion.com
DOMAIN-SUFFIX,ymapp.com
DOMAIN-SUFFIX,ymcdn.cn
DOMAIN-SUFFIX,yongyuelm.com
DOMAIN-SUFFIX,yooli.com
DOMAIN-SUFFIX,youmi.net
DOMAIN-SUFFIX,youxiaoad.com
DOMAIN-SUFFIX,yoyi.com.cn
DOMAIN-SUFFIX,yoyi.tv
DOMAIN-SUFFIX,yrxmr.com
DOMAIN-SUFFIX,ysjwj.com
DOMAIN-SUFFIX,yunjiasu.com
DOMAIN-SUFFIX,yunpifu.cn
DOMAIN-SUFFIX,zampdsp.com
DOMAIN-SUFFIX,zamplus.com
DOMAIN-SUFFIX,zcdsp.com
DOMAIN-SUFFIX,zhidian3g.cn
DOMAIN-SUFFIX,zhiziyun.com
DOMAIN-SUFFIX,zhjfad.com
DOMAIN-SUFFIX,zqzxz.com
DOMAIN-SUFFIX,zzsx8.com

# 广告联盟-国外****************
DOMAIN-SUFFIX,acuityplatform.com
DOMAIN-SUFFIX,ad-stir.com
DOMAIN-SUFFIX,ad-survey.com
DOMAIN-SUFFIX,ad4game.com
DOMAIN-SUFFIX,adcloud.jp
DOMAIN-SUFFIX,adcolony.com
DOMAIN-SUFFIX,addthis.com
DOMAIN-SUFFIX,adfurikun.jp
DOMAIN-SUFFIX,adhigh.net
DOMAIN-SUFFIX,adhood.com
DOMAIN-SUFFIX,adinall.com
DOMAIN-SUFFIX,adition.com
DOMAIN-SUFFIX,adk2x.com
DOMAIN-SUFFIX,admarket.mobi
DOMAIN-SUFFIX,admarvel.com
DOMAIN-SUFFIX,admedia.com
DOMAIN-SUFFIX,adnxs.com
DOMAIN-SUFFIX,adotmob.com
DOMAIN-SUFFIX,adperium.com
DOMAIN-SUFFIX,adriver.ru
DOMAIN-SUFFIX,adroll.com
DOMAIN-SUFFIX,adsco.re
DOMAIN-SUFFIX,adservice.com
DOMAIN-SUFFIX,adsrvr.org
DOMAIN-SUFFIX,adsymptotic.com
DOMAIN-SUFFIX,adtaily.com
DOMAIN-SUFFIX,adtech.de
DOMAIN-SUFFIX,adtechjp.com
DOMAIN-SUFFIX,adtechus.com
DOMAIN-SUFFIX,airpush.com
DOMAIN-SUFFIX,am15.net
DOMAIN-SUFFIX,amobee.com
DOMAIN-SUFFIX,appier.net
DOMAIN-SUFFIX,applift.com
DOMAIN-SUFFIX,apsalar.com
DOMAIN-SUFFIX,atas.io
DOMAIN-SUFFIX,awempire.com
DOMAIN-SUFFIX,axonix.com
DOMAIN-SUFFIX,beintoo.com
DOMAIN-SUFFIX,bepolite.eu
DOMAIN-SUFFIX,bidtheatre.com
DOMAIN-SUFFIX,bidvertiser.com
DOMAIN-SUFFIX,blismedia.com
DOMAIN-SUFFIX,brucelead.com
DOMAIN-SUFFIX,bttrack.com
DOMAIN-SUFFIX,casalemedia.com
DOMAIN-SUFFIX,celtra.com
DOMAIN-SUFFIX,channeladvisor.com
DOMAIN-SUFFIX,connexity.net
DOMAIN-SUFFIX,criteo.com
DOMAIN-SUFFIX,criteo.net
DOMAIN-SUFFIX,csbew.com
DOMAIN-SUFFIX,directrev.com
DOMAIN-SUFFIX,dumedia.ru
DOMAIN-SUFFIX,effectivemeasure.com
DOMAIN-SUFFIX,effectivemeasure.net
DOMAIN-SUFFIX,eqads.com
DOMAIN-SUFFIX,everesttech.net
DOMAIN-SUFFIX,exoclick.com
DOMAIN-SUFFIX,extend.tv
DOMAIN-SUFFIX,eyereturn.com
DOMAIN-SUFFIX,fastapi.net
DOMAIN-SUFFIX,fastclick.com
DOMAIN-SUFFIX,fastclick.net
DOMAIN-SUFFIX,flurry.com
DOMAIN-SUFFIX,gosquared.com
DOMAIN-SUFFIX,gtags.net
DOMAIN-SUFFIX,heyzap.com
DOMAIN-SUFFIX,histats.com
DOMAIN-SUFFIX,hitslink.com
DOMAIN-SUFFIX,hot-mob.com
DOMAIN-SUFFIX,hyperpromote.com
DOMAIN-SUFFIX,i-mobile.co.jp
DOMAIN-SUFFIX,imrworldwide.com
DOMAIN-SUFFIX,inmobi.com
DOMAIN-SUFFIX,inner-active.mobi
DOMAIN-SUFFIX,intentiq.com
DOMAIN-SUFFIX,inter1ads.com
DOMAIN-SUFFIX,ipredictive.com
DOMAIN-SUFFIX,ironsrc.com
DOMAIN-SUFFIX,iskyworker.com
DOMAIN-SUFFIX,jizzads.com
DOMAIN-SUFFIX,juicyads.com
DOMAIN-SUFFIX,kochava.com
DOMAIN-SUFFIX,leadbolt.com
DOMAIN-SUFFIX,leadbolt.net
DOMAIN-SUFFIX,leadboltads.net
DOMAIN-SUFFIX,leadboltapps.net
DOMAIN-SUFFIX,leadboltmobile.net
DOMAIN-SUFFIX,lenzmx.com
DOMAIN-SUFFIX,liveadvert.com
DOMAIN-SUFFIX,marketgid.com
DOMAIN-SUFFIX,marketo.com
DOMAIN-SUFFIX,mdotm.com
DOMAIN-SUFFIX,medialytics.com
DOMAIN-SUFFIX,medialytics.io
DOMAIN-SUFFIX,meetrics.com
DOMAIN-SUFFIX,meetrics.net
DOMAIN-SUFFIX,mgid.com
DOMAIN-SUFFIX,millennialmedia.com
DOMAIN-SUFFIX,mobadme.jp
DOMAIN-SUFFIX,mobfox.com
DOMAIN-SUFFIX,mobileadtrading.com
DOMAIN-SUFFIX,mobilityware.com
DOMAIN-SUFFIX,mojiva.com
DOMAIN-SUFFIX,mookie1.com
DOMAIN-SUFFIX,msads.net
DOMAIN-SUFFIX,mydas.mobi
DOMAIN-SUFFIX,nend.net
DOMAIN-SUFFIX,netshelter.net
DOMAIN-SUFFIX,nexage.com
DOMAIN-SUFFIX,owneriq.net
DOMAIN-SUFFIX,pixels.asia
DOMAIN-SUFFIX,plista.com
DOMAIN-SUFFIX,popads.net
DOMAIN-SUFFIX,powerlinks.com
DOMAIN-SUFFIX,propellerads.com
DOMAIN-SUFFIX,quantserve.com
DOMAIN-SUFFIX,rayjump.com
DOMAIN-SUFFIX,revdepo.com
DOMAIN-SUFFIX,rubiconproject.com
DOMAIN-SUFFIX,sape.ru
DOMAIN-SUFFIX,scorecardresearch.com
DOMAIN-SUFFIX,segment.com
DOMAIN-SUFFIX,serving-sys.com
DOMAIN-SUFFIX,sharethis.com
DOMAIN-SUFFIX,smaato.com
DOMAIN-SUFFIX,smaato.net
DOMAIN-SUFFIX,smartadserver.com
DOMAIN-SUFFIX,smartnews-ads.com
DOMAIN-SUFFIX,startapp.com
DOMAIN-SUFFIX,startappexchange.com
DOMAIN-SUFFIX,statcounter.com
DOMAIN-SUFFIX,steelhousemedia.com
DOMAIN-SUFFIX,stickyadstv.com
DOMAIN-SUFFIX,supersonic.com
DOMAIN-SUFFIX,taboola.com
DOMAIN-SUFFIX,tapjoy.com
DOMAIN-SUFFIX,tapjoyads.com
DOMAIN-SUFFIX,trafficjunky.com
DOMAIN-SUFFIX,trafficjunky.net
DOMAIN-SUFFIX,tribalfusion.com
DOMAIN-SUFFIX,turn.com
DOMAIN-SUFFIX,uberads.com
DOMAIN-SUFFIX,vidoomy.com
DOMAIN-SUFFIX,viglink.com
DOMAIN-SUFFIX,voicefive.com
DOMAIN-SUFFIX,wedolook.com
DOMAIN-SUFFIX,yadro.ru
DOMAIN-SUFFIX,yengo.com
DOMAIN-SUFFIX,zedo.com
DOMAIN-SUFFIX,zemanta.com

# 垃圾站点****************
DOMAIN-SUFFIX,11h5.com
DOMAIN-SUFFIX,1kxun.mobi
DOMAIN-SUFFIX,26zsd.cn
DOMAIN-SUFFIX,519397.com
DOMAIN-SUFFIX,626uc.com
DOMAIN-SUFFIX,915.com
DOMAIN-SUFFIX,appget.cn
DOMAIN-SUFFIX,appuu.cn
DOMAIN-SUFFIX,coinhive.com
DOMAIN-SUFFIX,huodonghezi.cn
DOMAIN-SUFFIX,vcbn65.xyz
DOMAIN-SUFFIX,wanfeng1.com
DOMAIN-SUFFIX,wep016.top
DOMAIN-SUFFIX,win-stock.com.cn
DOMAIN-SUFFIX,zantainet.com

DOMAIN-SUFFIX,dh54wf.xyz
DOMAIN-SUFFIX,g2q3e.cn

# 运营商广告****************
DOMAIN-SUFFIX,114so.cn
DOMAIN-SUFFIX,go.10086.cn
DOMAIN-SUFFIX,hivedata.cc
DOMAIN-SUFFIX,navi.gd.chinamobile.com
